{
  "nodes": {
    "advisory-db": {
      "flake": false,
      "locked": {
        "lastModified": 1678924180,
        "narHash": "sha256-5bwage/7JRiPiDY4wY3+OBiT8abY5f83hss6pQBklz8=",
        "owner": "rustsec",
        "repo": "advisory-db",
        "rev": "0888b44843e3c86db9fd56334c7f5261ea00dc19",
        "type": "github"
      },
      "original": {
        "owner": "rustsec",
        "repo": "advisory-db",
        "type": "github"
      }
    },
    "cargo-leptos": {
      "flake": false,
      "locked": {
        "lastModified": 1680094968,
        "narHash": "sha256-LWi+KxvtIPP67vNe1Edf7AT8y4nKJ6jawTJtSEpt+4I=",
        "owner": "leptos-rs",
        "repo": "cargo-leptos",
        "rev": "6512bd2dc891fead2b7ff7f08d26b89789be7682",
        "type": "github"
      },
      "original": {
        "owner": "leptos-rs",
        "repo": "cargo-leptos",
        "type": "github"
      }
    },
    "crane": {
      "inputs": {
        "flake-compat": "flake-compat_3",
        "flake-utils": "flake-utils_3",
        "nixpkgs": [
          "nickel",
          "nixpkgs"
        ],
        "rust-overlay": "rust-overlay"
      },
      "locked": {
        "lastModified": 1678152261,
        "narHash": "sha256-cPRDxwygVMleiSEGELrvAiq9vYAN4c3KK/K4UEO13vU=",
        "owner": "ipetkov",
        "repo": "crane",
        "rev": "5291dd0aa7a52d607fc952763ef60714e4c881d4",
        "type": "github"
      },
      "original": {
        "owner": "ipetkov",
        "repo": "crane",
        "type": "github"
      }
    },
    "crane_2": {
      "inputs": {
        "flake-compat": "flake-compat_5",
        "flake-utils": "flake-utils_5",
        "nixpkgs": [
          "nickel",
          "topiary",
          "nixpkgs"
        ],
        "rust-overlay": "rust-overlay_3"
      },
      "locked": {
        "lastModified": 1678152261,
        "narHash": "sha256-cPRDxwygVMleiSEGELrvAiq9vYAN4c3KK/K4UEO13vU=",
        "owner": "ipetkov",
        "repo": "crane",
        "rev": "5291dd0aa7a52d607fc952763ef60714e4c881d4",
        "type": "github"
      },
      "original": {
        "owner": "ipetkov",
        "repo": "crane",
        "type": "github"
      }
    },
    "flake-compat": {
      "flake": false,
      "locked": {
        "lastModified": 1,
        "narHash": "sha256-d6CilJXP+UPv3nF00zBBRhMgRklTCjSCMrjbYtYDuOI=",
        "path": "../../out-of-tree/flake-compat",
        "type": "path"
      },
      "original": {
        "path": "../../out-of-tree/flake-compat",
        "type": "path"
      }
    },
    "flake-compat_2": {
      "flake": false,
      "locked": {
        "lastModified": 1673956053,
        "narHash": "sha256-4gtG9iQuiKITOjNQQeQIpoIB6b16fm+504Ch3sNKLd8=",
        "owner": "edolstra",
        "repo": "flake-compat",
        "rev": "35bb57c0c8d8b62bbfd284272c928ceb64ddbde9",
        "type": "github"
      },
      "original": {
        "owner": "edolstra",
        "repo": "flake-compat",
        "type": "github"
      }
    },
    "flake-compat_3": {
      "flake": false,
      "locked": {
        "lastModified": 1673956053,
        "narHash": "sha256-4gtG9iQuiKITOjNQQeQIpoIB6b16fm+504Ch3sNKLd8=",
        "owner": "edolstra",
        "repo": "flake-compat",
        "rev": "35bb57c0c8d8b62bbfd284272c928ceb64ddbde9",
        "type": "github"
      },
      "original": {
        "owner": "edolstra",
        "repo": "flake-compat",
        "type": "github"
      }
    },
    "flake-compat_4": {
      "flake": false,
      "locked": {
        "lastModified": 1673956053,
        "narHash": "sha256-4gtG9iQuiKITOjNQQeQIpoIB6b16fm+504Ch3sNKLd8=",
        "owner": "edolstra",
        "repo": "flake-compat",
        "rev": "35bb57c0c8d8b62bbfd284272c928ceb64ddbde9",
        "type": "github"
      },
      "original": {
        "owner": "edolstra",
        "repo": "flake-compat",
        "type": "github"
      }
    },
    "flake-compat_5": {
      "flake": false,
      "locked": {
        "lastModified": 1673956053,
        "narHash": "sha256-4gtG9iQuiKITOjNQQeQIpoIB6b16fm+504Ch3sNKLd8=",
        "owner": "edolstra",
        "repo": "flake-compat",
        "rev": "35bb57c0c8d8b62bbfd284272c928ceb64ddbde9",
        "type": "github"
      },
      "original": {
        "owner": "edolstra",
        "repo": "flake-compat",
        "type": "github"
      }
    },
    "flake-compat_6": {
      "flake": false,
      "locked": {
        "lastModified": 1673956053,
        "narHash": "sha256-4gtG9iQuiKITOjNQQeQIpoIB6b16fm+504Ch3sNKLd8=",
        "owner": "edolstra",
        "repo": "flake-compat",
        "rev": "35bb57c0c8d8b62bbfd284272c928ceb64ddbde9",
        "type": "github"
      },
      "original": {
        "owner": "edolstra",
        "repo": "flake-compat",
        "type": "github"
      }
    },
    "flake-utils": {
      "locked": {
        "lastModified": 1678901627,
        "narHash": "sha256-U02riOqrKKzwjsxc/400XnElV+UtPUQWpANPlyazjH0=",
        "owner": "numtide",
        "repo": "flake-utils",
        "rev": "93a2b84fc4b70d9e089d029deacc3583435c2ed6",
        "type": "github"
      },
      "original": {
        "owner": "numtide",
        "repo": "flake-utils",
        "type": "github"
      }
    },
    "flake-utils_10": {
      "locked": {
        "lastModified": 1659877975,
        "narHash": "sha256-zllb8aq3YO3h8B/U0/J1WBgAL8EX5yWf5pMj3G0NAmc=",
        "owner": "numtide",
        "repo": "flake-utils",
        "rev": "c0e246b9b83f637f4681389ecabcb2681b4f3af0",
        "type": "github"
      },
      "original": {
        "owner": "numtide",
        "repo": "flake-utils",
        "type": "github"
      }
    },
    "flake-utils_11": {
      "locked": {
        "lastModified": 1659877975,
        "narHash": "sha256-zllb8aq3YO3h8B/U0/J1WBgAL8EX5yWf5pMj3G0NAmc=",
        "owner": "numtide",
        "repo": "flake-utils",
        "rev": "c0e246b9b83f637f4681389ecabcb2681b4f3af0",
        "type": "github"
      },
      "original": {
        "owner": "numtide",
        "repo": "flake-utils",
        "type": "github"
      }
    },
    "flake-utils_2": {
      "locked": {
        "lastModified": 1667395993,
        "narHash": "sha256-nuEHfE/LcWyuSWnS8t12N1wc105Qtau+/OdUAjtQ0rA=",
        "owner": "numtide",
        "repo": "flake-utils",
        "rev": "5aed5285a952e0b949eb3ba02c12fa4fcfef535f",
        "type": "github"
      },
      "original": {
        "owner": "numtide",
        "repo": "flake-utils",
        "type": "github"
      }
    },
    "flake-utils_3": {
      "locked": {
        "lastModified": 1676283394,
        "narHash": "sha256-XX2f9c3iySLCw54rJ/CZs+ZK6IQy7GXNY4nSOyu2QG4=",
        "owner": "numtide",
        "repo": "flake-utils",
        "rev": "3db36a8b464d0c4532ba1c7dda728f4576d6d073",
        "type": "github"
      },
      "original": {
        "owner": "numtide",
        "repo": "flake-utils",
        "type": "github"
      }
    },
    "flake-utils_4": {
      "locked": {
        "lastModified": 1678901627,
        "narHash": "sha256-U02riOqrKKzwjsxc/400XnElV+UtPUQWpANPlyazjH0=",
        "owner": "numtide",
        "repo": "flake-utils",
        "rev": "93a2b84fc4b70d9e089d029deacc3583435c2ed6",
        "type": "github"
      },
      "original": {
        "owner": "numtide",
        "repo": "flake-utils",
        "type": "github"
      }
    },
    "flake-utils_5": {
      "locked": {
        "lastModified": 1676283394,
        "narHash": "sha256-XX2f9c3iySLCw54rJ/CZs+ZK6IQy7GXNY4nSOyu2QG4=",
        "owner": "numtide",
        "repo": "flake-utils",
        "rev": "3db36a8b464d0c4532ba1c7dda728f4576d6d073",
        "type": "github"
      },
      "original": {
        "owner": "numtide",
        "repo": "flake-utils",
        "type": "github"
      }
    },
    "flake-utils_6": {
      "locked": {
        "lastModified": 1678901627,
        "narHash": "sha256-U02riOqrKKzwjsxc/400XnElV+UtPUQWpANPlyazjH0=",
        "owner": "numtide",
        "repo": "flake-utils",
        "rev": "93a2b84fc4b70d9e089d029deacc3583435c2ed6",
        "type": "github"
      },
      "original": {
        "owner": "numtide",
        "repo": "flake-utils",
        "type": "github"
      }
    },
    "flake-utils_7": {
      "locked": {
        "lastModified": 1659877975,
        "narHash": "sha256-zllb8aq3YO3h8B/U0/J1WBgAL8EX5yWf5pMj3G0NAmc=",
        "owner": "numtide",
        "repo": "flake-utils",
        "rev": "c0e246b9b83f637f4681389ecabcb2681b4f3af0",
        "type": "github"
      },
      "original": {
        "owner": "numtide",
        "repo": "flake-utils",
        "type": "github"
      }
    },
    "flake-utils_8": {
      "locked": {
        "lastModified": 1678901627,
        "narHash": "sha256-U02riOqrKKzwjsxc/400XnElV+UtPUQWpANPlyazjH0=",
        "owner": "numtide",
        "repo": "flake-utils",
        "rev": "93a2b84fc4b70d9e089d029deacc3583435c2ed6",
        "type": "github"
      },
      "original": {
        "owner": "numtide",
        "repo": "flake-utils",
        "type": "github"
      }
    },
    "flake-utils_9": {
      "locked": {
        "lastModified": 1659877975,
        "narHash": "sha256-zllb8aq3YO3h8B/U0/J1WBgAL8EX5yWf5pMj3G0NAmc=",
        "owner": "numtide",
        "repo": "flake-utils",
        "rev": "c0e246b9b83f637f4681389ecabcb2681b4f3af0",
        "type": "github"
      },
      "original": {
        "owner": "numtide",
        "repo": "flake-utils",
        "type": "github"
      }
    },
    "gitignore": {
      "inputs": {
        "nixpkgs": [
          "nickel",
          "pre-commit-hooks",
          "nixpkgs"
        ]
      },
      "locked": {
        "lastModified": 1660459072,
        "narHash": "sha256-8DFJjXG8zqoONA1vXtgeKXy68KdJL5UaXR8NtVMUbx8=",
        "owner": "hercules-ci",
        "repo": "gitignore.nix",
        "rev": "a20de23b925fd8264fd7fad6454652e142fd7f73",
        "type": "github"
      },
      "original": {
        "owner": "hercules-ci",
        "repo": "gitignore.nix",
        "type": "github"
      }
    },
    "gnmic": {
      "flake": false,
      "locked": {
        "lastModified": 1679677474,
        "narHash": "sha256-Flzajl4GYPnxlnLAlcR/KzAoPE76jMFBThztAijfPj4=",
        "owner": "openconfig",
        "repo": "gnmic",
        "rev": "c1e3239a694da71b3b290bf7805f3d18e84694e6",
        "type": "github"
      },
      "original": {
        "owner": "openconfig",
        "repo": "gnmic",
        "type": "github"
      }
    },
    "gomod2nix": {
      "inputs": {
        "nixpkgs": "nixpkgs_4",
        "utils": "utils_2"
      },
      "locked": {
        "lastModified": 1677459247,
        "narHash": "sha256-JbakfAiPYmCCV224yAMq/XO0udN5coWv/oazblMKdoY=",
        "owner": "nix-community",
        "repo": "gomod2nix",
        "rev": "3cbf3a51fe32e2f57af4c52744e7228bab22983d",
        "type": "github"
      },
      "original": {
        "owner": "nix-community",
        "repo": "gomod2nix",
        "type": "github"
      }
    },
    "home-manager": {
      "inputs": {
        "nixpkgs": [
          "nixpkgs"
        ],
        "utils": "utils"
      },
      "locked": {
        "lastModified": 1680389554,
        "narHash": "sha256-+8FUmS4GbDMynQErZGXKg+wU76rq6mI5fprxFXFWKSM=",
        "owner": "nix-community",
        "repo": "home-manager",
        "rev": "ddd8866c0306c48f465e7f48432e6f1ecd1da7f8",
        "type": "github"
      },
      "original": {
        "owner": "nix-community",
        "repo": "home-manager",
        "type": "github"
      }
    },
    "kpcli-py": {
      "flake": false,
      "locked": {
        "lastModified": 1679142558,
        "narHash": "sha256-l18PBzf/P7d3BPcFb5gSDX863MsC7S747qooyg0u2lA=",
        "owner": "rebkwok",
        "repo": "kpcli",
        "rev": "1c64e7274345d28ebc2607e22211a4ee9f6dbe7f",
        "type": "github"
      },
      "original": {
        "owner": "rebkwok",
        "repo": "kpcli",
        "type": "github"
      }
    },
    "naersk": {
      "inputs": {
        "nixpkgs": "nixpkgs_5"
      },
      "locked": {
        "lastModified": 1679567394,
        "narHash": "sha256-ZvLuzPeARDLiQUt6zSZFGOs+HZmE+3g4QURc8mkBsfM=",
        "owner": "nix-community",
        "repo": "naersk",
        "rev": "88cd22380154a2c36799fe8098888f0f59861a15",
        "type": "github"
      },
      "original": {
        "owner": "nix-community",
        "repo": "naersk",
        "type": "github"
      }
    },
    "neovim-flake": {
      "inputs": {
        "flake-utils": "flake-utils_2",
        "nixpkgs": [
          "neovim-nightly-overlay",
          "nixpkgs"
        ]
      },
      "locked": {
        "dir": "contrib",
        "lastModified": 1680310604,
        "narHash": "sha256-2jop/z79HYhmV/hrdGvhjfTMouvzQvNRgFTkPhwWVcg=",
        "owner": "neovim",
        "repo": "neovim",
        "rev": "75e1b1d5c934aa3a12693a7df58795563fb7877e",
        "type": "github"
      },
      "original": {
        "dir": "contrib",
        "owner": "neovim",
        "repo": "neovim",
        "type": "github"
      }
    },
    "neovim-nightly-overlay": {
      "inputs": {
        "flake-compat": "flake-compat_2",
        "neovim-flake": "neovim-flake",
        "nixpkgs": "nixpkgs"
      },
      "locked": {
        "lastModified": 1680336751,
        "narHash": "sha256-otSdFRXsNyPYOsbo+49vN4UGwZrVoLDrEp0EkyVJ/rY=",
        "owner": "nix-community",
        "repo": "neovim-nightly-overlay",
        "rev": "d56f32281f4d6d74ce925a99946713dc6b5a0e30",
        "type": "github"
      },
      "original": {
        "owner": "nix-community",
        "repo": "neovim-nightly-overlay",
        "type": "github"
      }
    },
    "nickel": {
      "inputs": {
        "crane": "crane",
        "flake-utils": "flake-utils_4",
        "nixpkgs": "nixpkgs_2",
        "pre-commit-hooks": "pre-commit-hooks",
        "rust-overlay": "rust-overlay_2",
        "topiary": "topiary"
      },
      "locked": {
        "lastModified": 1680275475,
        "narHash": "sha256-Aoq+njIRAsparRyTx6LmuqbkJIWVZmrtt3p2aUhv6eM=",
        "owner": "tweag",
        "repo": "nickel",
        "rev": "f0854b9992a1af5228fa4828a65c3660966c271c",
        "type": "github"
      },
      "original": {
        "owner": "tweag",
        "repo": "nickel",
        "type": "github"
      }
    },
    "nix-boost": {
      "inputs": {
        "cargo-leptos": "cargo-leptos",
        "flake-compat": "flake-compat_6",
        "gnmic": "gnmic",
        "gomod2nix": "gomod2nix",
        "naersk": "naersk",
        "nixlib": "nixlib",
        "nixpkgs": "nixpkgs_6",
        "poetry2nix": "poetry2nix",
        "rust-overlay": "rust-overlay_5"
      },
      "locked": {
        "lastModified": 1680312007,
        "narHash": "sha256-bFjiXGxNKtytv2wWnBwG1TfBpCNl5DYK2pckbXPacsM=",
        "ref": "refs/heads/master",
        "rev": "2d8e3de16bc41c12a77bfc8721bb1f6a4cd484c5",
        "revCount": 51,
        "type": "git",
        "url": "https://git.pegasust.com/pegasust/nix-boost.git"
      },
      "original": {
        "type": "git",
        "url": "https://git.pegasust.com/pegasust/nix-boost.git"
      }
    },
    "nix-filter": {
      "locked": {
        "lastModified": 1678109515,
        "narHash": "sha256-C2X+qC80K2C1TOYZT8nabgo05Dw2HST/pSn6s+n6BO8=",
        "owner": "numtide",
        "repo": "nix-filter",
        "rev": "aa9ff6ce4a7f19af6415fb3721eaa513ea6c763c",
        "type": "github"
      },
      "original": {
        "owner": "numtide",
        "repo": "nix-filter",
        "type": "github"
      }
    },
    "nix-index-database": {
      "inputs": {
        "nixpkgs": [
          "nixpkgs"
        ]
      },
      "locked": {
        "lastModified": 1679224439,
        "narHash": "sha256-QkvcuC4b67FUkkxlMsLTMPbwoD7yZr0UvJpu6jkFuLo=",
        "owner": "mic92",
        "repo": "nix-index-database",
        "rev": "2f5e6e915d70c04d673a8930f94591595c73eb84",
        "type": "github"
      },
      "original": {
        "owner": "mic92",
        "repo": "nix-index-database",
        "type": "github"
      }
    },
    "nixgl": {
      "inputs": {
        "flake-utils": "flake-utils_10",
        "nixpkgs": "nixpkgs_8"
      },
      "locked": {
        "lastModified": 1,
        "narHash": "sha256-fPPUpYHcU9od0bdrzHCgbIKDqFs35u+YTt3jKf+EiMQ=",
        "path": "./../../out-of-tree/nixGL",
        "type": "path"
      },
      "original": {
        "path": "./../../out-of-tree/nixGL",
        "type": "path"
      }
    },
    "nixlib": {
      "locked": {
        "lastModified": 1679791877,
        "narHash": "sha256-tTV1Mf0hPWIMtqyU16Kd2JUBDWvfHlDC9pF57vcbgpQ=",
        "owner": "nix-community",
        "repo": "nixpkgs.lib",
        "rev": "cc060ddbf652a532b54057081d5abd6144d01971",
        "type": "github"
      },
      "original": {
        "owner": "nix-community",
        "repo": "nixpkgs.lib",
        "type": "github"
      }
    },
    "nixpkgs": {
      "locked": {
        "lastModified": 1671983799,
        "narHash": "sha256-Z2Ro6hFPZHkBqkVXY5/aBUzxi5xizQGvuHQ9+T5B/ks=",
        "owner": "nixos",
        "repo": "nixpkgs",
        "rev": "fad51abd42ca17a60fc1d4cb9382e2d79ae31836",
        "type": "github"
      },
      "original": {
        "owner": "nixos",
        "ref": "nixpkgs-unstable",
        "repo": "nixpkgs",
        "type": "github"
      }
    },
    "nixpkgs-stable": {
      "locked": {
        "lastModified": 1678872516,
        "narHash": "sha256-/E1YwtMtFAu2KUQKV/1+KFuReYPANM2Rzehk84VxVoc=",
        "owner": "NixOS",
        "repo": "nixpkgs",
        "rev": "9b8e5abb18324c7fe9f07cb100c3cd4a29cda8b8",
        "type": "github"
      },
      "original": {
        "owner": "NixOS",
        "ref": "nixos-22.11",
        "repo": "nixpkgs",
        "type": "github"
      }
    },
    "nixpkgs_10": {
      "locked": {
        "lastModified": 1665296151,
        "narHash": "sha256-uOB0oxqxN9K7XGF1hcnY+PQnlQJ+3bP2vCn/+Ru/bbc=",
        "owner": "NixOS",
        "repo": "nixpkgs",
        "rev": "14ccaaedd95a488dd7ae142757884d8e125b3363",
        "type": "github"
      },
      "original": {
        "owner": "NixOS",
        "ref": "nixpkgs-unstable",
        "repo": "nixpkgs",
        "type": "github"
      }
    },
    "nixpkgs_2": {
      "locked": {
        "lastModified": 1678898370,
        "narHash": "sha256-xTICr1j+uat5hk9FyuPOFGxpWHdJRibwZC+ATi0RbtE=",
        "owner": "NixOS",
        "repo": "nixpkgs",
        "rev": "ac718d02867a84b42522a0ece52d841188208f2c",
        "type": "github"
      },
      "original": {
        "id": "nixpkgs",
        "ref": "nixos-unstable",
        "type": "indirect"
      }
    },
    "nixpkgs_3": {
      "locked": {
        "lastModified": 1665296151,
        "narHash": "sha256-uOB0oxqxN9K7XGF1hcnY+PQnlQJ+3bP2vCn/+Ru/bbc=",
        "owner": "NixOS",
        "repo": "nixpkgs",
        "rev": "14ccaaedd95a488dd7ae142757884d8e125b3363",
        "type": "github"
      },
      "original": {
        "owner": "NixOS",
        "ref": "nixpkgs-unstable",
        "repo": "nixpkgs",
        "type": "github"
      }
    },
    "nixpkgs_4": {
      "locked": {
        "lastModified": 1658285632,
        "narHash": "sha256-zRS5S/hoeDGUbO+L95wXG9vJNwsSYcl93XiD0HQBXLk=",
        "owner": "NixOS",
        "repo": "nixpkgs",
        "rev": "5342fc6fb59d0595d26883c3cadff16ce58e44f3",
        "type": "github"
      },
      "original": {
        "owner": "NixOS",
        "ref": "master",
        "repo": "nixpkgs",
        "type": "github"
      }
    },
    "nixpkgs_5": {
      "locked": {
        "lastModified": 1680273054,
        "narHash": "sha256-Bs6/5LpvYp379qVqGt9mXxxx9GSE789k3oFc+OAL07M=",
        "owner": "NixOS",
        "repo": "nixpkgs",
        "rev": "3364b5b117f65fe1ce65a3cdd5612a078a3b31e3",
        "type": "github"
      },
      "original": {
        "id": "nixpkgs",
        "type": "indirect"
      }
    },
    "nixpkgs_6": {
      "locked": {
        "lastModified": 1680213900,
        "narHash": "sha256-cIDr5WZIj3EkKyCgj/6j3HBH4Jj1W296z7HTcWj1aMA=",
        "owner": "nixos",
        "repo": "nixpkgs",
        "rev": "e3652e0735fbec227f342712f180f4f21f0594f2",
        "type": "github"
      },
      "original": {
        "owner": "nixos",
        "ref": "nixos-unstable",
        "repo": "nixpkgs",
        "type": "github"
      }
    },
    "nixpkgs_7": {
      "locked": {
        "lastModified": 1665296151,
        "narHash": "sha256-uOB0oxqxN9K7XGF1hcnY+PQnlQJ+3bP2vCn/+Ru/bbc=",
        "owner": "NixOS",
        "repo": "nixpkgs",
        "rev": "14ccaaedd95a488dd7ae142757884d8e125b3363",
        "type": "github"
      },
      "original": {
        "owner": "NixOS",
        "ref": "nixpkgs-unstable",
        "repo": "nixpkgs",
        "type": "github"
      }
    },
    "nixpkgs_8": {
      "locked": {
        "lastModified": 1660551188,
        "narHash": "sha256-a1LARMMYQ8DPx1BgoI/UN4bXe12hhZkCNqdxNi6uS0g=",
        "owner": "nixos",
        "repo": "nixpkgs",
        "rev": "441dc5d512153039f19ef198e662e4f3dbb9fd65",
        "type": "github"
      },
      "original": {
        "owner": "nixos",
        "repo": "nixpkgs",
        "type": "github"
      }
    },
    "nixpkgs_9": {
      "locked": {
        "lastModified": 1680213900,
        "narHash": "sha256-cIDr5WZIj3EkKyCgj/6j3HBH4Jj1W296z7HTcWj1aMA=",
        "owner": "nixos",
        "repo": "nixpkgs",
        "rev": "e3652e0735fbec227f342712f180f4f21f0594f2",
        "type": "github"
      },
      "original": {
        "owner": "nixos",
        "ref": "nixos-unstable",
        "repo": "nixpkgs",
        "type": "github"
      }
    },
    "poetry2nix": {
      "inputs": {
        "flake-utils": "flake-utils_8",
        "nixpkgs": [
          "nix-boost",
          "nixpkgs"
        ]
      },
      "locked": {
        "lastModified": 1680134979,
        "narHash": "sha256-8LBOnyrk9r1X8LpxZWynIxr97vq8hRqnpo639c2RA40=",
        "owner": "nix-community",
        "repo": "poetry2nix",
        "rev": "dc8c13ab88db829c1b71e6c794d1b295c8031408",
        "type": "github"
      },
      "original": {
        "owner": "nix-community",
        "repo": "poetry2nix",
        "type": "github"
      }
    },
    "pre-commit-hooks": {
      "inputs": {
        "flake-compat": "flake-compat_4",
        "flake-utils": [
          "nickel",
          "flake-utils"
        ],
        "gitignore": "gitignore",
        "nixpkgs": [
          "nickel",
          "nixpkgs"
        ],
        "nixpkgs-stable": "nixpkgs-stable"
      },
      "locked": {
        "lastModified": 1678976941,
        "narHash": "sha256-skNr08frCwN9NO+7I77MjOHHAw+L410/37JknNld+W4=",
        "owner": "cachix",
        "repo": "pre-commit-hooks.nix",
        "rev": "32b1dbedfd77892a6e375737ef04d8efba634e9e",
        "type": "github"
      },
      "original": {
        "owner": "cachix",
        "repo": "pre-commit-hooks.nix",
        "type": "github"
      }
    },
    "root": {
      "inputs": {
        "flake-compat": "flake-compat",
        "flake-utils": "flake-utils",
        "home-manager": "home-manager",
        "kpcli-py": "kpcli-py",
        "neovim-nightly-overlay": "neovim-nightly-overlay",
        "nickel": "nickel",
        "nix-boost": "nix-boost",
        "nix-index-database": "nix-index-database",
        "nixgl": "nixgl",
        "nixpkgs": "nixpkgs_9",
        "rust-overlay": "rust-overlay_6"
      }
    },
    "rust-overlay": {
      "inputs": {
        "flake-utils": [
          "nickel",
          "crane",
          "flake-utils"
        ],
        "nixpkgs": [
          "nickel",
          "crane",
          "nixpkgs"
        ]
      },
      "locked": {
        "lastModified": 1677812689,
        "narHash": "sha256-EakqhgRnjVeYJv5+BJx/NZ7/eFTMBxc4AhICUNquhUg=",
        "owner": "oxalica",
        "repo": "rust-overlay",
        "rev": "e53e8853aa7b0688bc270e9e6a681d22e01cf299",
        "type": "github"
      },
      "original": {
        "owner": "oxalica",
        "repo": "rust-overlay",
        "type": "github"
      }
    },
    "rust-overlay_2": {
      "inputs": {
        "flake-utils": [
          "nickel",
          "flake-utils"
        ],
        "nixpkgs": [
          "nickel",
          "nixpkgs"
        ]
      },
      "locked": {
        "lastModified": 1679106165,
        "narHash": "sha256-03Opt2yu4E/AIFjvlgib0/nhMn6B4B/t/nvwS2bzOGw=",
        "owner": "oxalica",
        "repo": "rust-overlay",
        "rev": "7313c06ac334d6262ddfe30a38b3abc3da6bd565",
        "type": "github"
      },
      "original": {
        "owner": "oxalica",
        "repo": "rust-overlay",
        "type": "github"
      }
    },
    "rust-overlay_3": {
      "inputs": {
        "flake-utils": [
          "nickel",
          "topiary",
          "crane",
          "flake-utils"
        ],
        "nixpkgs": [
          "nickel",
          "topiary",
          "crane",
          "nixpkgs"
        ]
      },
      "locked": {
        "lastModified": 1677812689,
        "narHash": "sha256-EakqhgRnjVeYJv5+BJx/NZ7/eFTMBxc4AhICUNquhUg=",
        "owner": "oxalica",
        "repo": "rust-overlay",
        "rev": "e53e8853aa7b0688bc270e9e6a681d22e01cf299",
        "type": "github"
      },
      "original": {
        "owner": "oxalica",
        "repo": "rust-overlay",
        "type": "github"
      }
    },
    "rust-overlay_4": {
      "inputs": {
        "flake-utils": "flake-utils_7",
        "nixpkgs": "nixpkgs_3"
      },
      "locked": {
        "lastModified": 1679106165,
        "narHash": "sha256-03Opt2yu4E/AIFjvlgib0/nhMn6B4B/t/nvwS2bzOGw=",
        "owner": "oxalica",
        "repo": "rust-overlay",
        "rev": "7313c06ac334d6262ddfe30a38b3abc3da6bd565",
        "type": "github"
      },
      "original": {
        "owner": "oxalica",
        "repo": "rust-overlay",
        "type": "github"
      }
    },
    "rust-overlay_5": {
      "inputs": {
        "flake-utils": "flake-utils_9",
        "nixpkgs": "nixpkgs_7"
      },
      "locked": {
        "lastModified": 1680229280,
        "narHash": "sha256-9UoyQCeKUmHcsIdpsAgcz41LAIDkWhI2PhVDjckrpg0=",
        "owner": "oxalica",
        "repo": "rust-overlay",
        "rev": "aa480d799023141e1b9e5d6108700de63d9ad002",
        "type": "github"
      },
      "original": {
        "owner": "oxalica",
        "repo": "rust-overlay",
        "type": "github"
      }
    },
    "rust-overlay_6": {
      "inputs": {
        "flake-utils": "flake-utils_11",
        "nixpkgs": "nixpkgs_10"
      },
      "locked": {
        "lastModified": 1680401949,
        "narHash": "sha256-s8+b9Zm9osz9oGInNletIFihgXTs9hogw9C/c3MbErs=",
        "owner": "oxalica",
        "repo": "rust-overlay",
        "rev": "9b8632040df6f2218fd01bf79c0589379ac39584",
        "type": "github"
      },
      "original": {
        "owner": "oxalica",
        "repo": "rust-overlay",
        "type": "github"
      }
    },
    "topiary": {
      "inputs": {
        "advisory-db": "advisory-db",
        "crane": "crane_2",
        "flake-utils": "flake-utils_6",
        "nix-filter": "nix-filter",
        "nixpkgs": [
          "nickel",
          "nixpkgs"
        ],
        "rust-overlay": "rust-overlay_4"
      },
      "locked": {
        "lastModified": 1680178226,
        "narHash": "sha256-EZtmLYPQII8Ma9yH0udqlNjSXiYUg134j+0Srzb4rbM=",
        "owner": "tweag",
        "repo": "topiary",
        "rev": "1af03d77abf6aef3ea36f878554c16619207252b",
        "type": "github"
      },
      "original": {
        "owner": "tweag",
        "repo": "topiary",
        "type": "github"
      }
    },
    "utils": {
      "locked": {
        "lastModified": 1676283394,
        "narHash": "sha256-XX2f9c3iySLCw54rJ/CZs+ZK6IQy7GXNY4nSOyu2QG4=",
        "owner": "numtide",
        "repo": "flake-utils",
        "rev": "3db36a8b464d0c4532ba1c7dda728f4576d6d073",
        "type": "github"
      },
      "original": {
        "owner": "numtide",
        "repo": "flake-utils",
        "type": "github"
      }
    },
    "utils_2": {
      "locked": {
        "lastModified": 1653893745,
        "narHash": "sha256-0jntwV3Z8//YwuOjzhV2sgJJPt+HY6KhU7VZUL0fKZQ=",
        "owner": "numtide",
        "repo": "flake-utils",
        "rev": "1ed9fb1935d260de5fe1c2f7ee0ebaae17ed2fa1",
        "type": "github"
      },
      "original": {
        "owner": "numtide",
        "repo": "flake-utils",
        "type": "github"
      }
    }
  },
  "root": "root",
  "version": 7
}
