{
  "nodes": {
    "nixpkgs": {
      "locked": {
        "lastModified": 1669140675,
        "narHash": "sha256-npzfyfLECsJWgzK/M4gWhykP2DNAJTYjgY2BWkz/oEQ=",
        "owner": "NixOS",
        "repo": "nixpkgs",
        "rev": "2788904d26dda6cfa1921c5abb7a2466ffe3cb8c",
        "type": "github"
      },
      "original": {
        "id": "nixpkgs",
        "ref": "nixos-unstable",
        "type": "indirect"
      }
    },
    "nixpkgs-stable": {
      "locked": {
        "lastModified": 1671459584,
        "narHash": "sha256-6wRK7xmeHfClJ0ICOkax1avLZVGTDqBodQlkl/opccY=",
        "owner": "NixOS",
        "repo": "nixpkgs",
        "rev": "87b58217c9a05edcf7630b9be32570f889217aef",
        "type": "github"
      },
      "original": {
        "owner": "NixOS",
        "ref": "release-22.11",
        "repo": "nixpkgs",
        "type": "github"
      }
    },
    "root": {
      "inputs": {
        "nixpkgs": "nixpkgs",
        "sops-nix": "sops-nix"
      }
    },
    "sops-nix": {
      "inputs": {
        "nixpkgs": [
          "nixpkgs"
        ],
        "nixpkgs-stable": "nixpkgs-stable"
      },
      "locked": {
        "lastModified": 1671472949,
        "narHash": "sha256-9iHSGpljCX+RypahQssBXPwkru9onfKfceCTeVrMpH4=",
        "owner": "Mic92",
        "repo": "sops-nix",
        "rev": "32840f16ffa0856cdf9503a8658f2dd42bf70342",
        "type": "github"
      },
      "original": {
        "owner": "Mic92",
        "repo": "sops-nix",
        "type": "github"
      }
    }
  },
  "root": "root",
  "version": 7
}
